
Microsoft Visual Studio Solution File, Format Version 12.00
# Visual Studio Version 16
VisualStudioVersion = 16.0.32126.315
MinimumVisualStudioVersion = 10.0.40219.1
Project("{9A19103F-16F7-4668-BE54-9A1E7A4F7556}") = "LoopsAndRandomNumbers", "LoopsAndRandomNumbers\LoopsAndRandomNumbers.csproj", "{98316EF0-E491-49FA-97F4-164C59237AF7}"
EndProject
Project("{FAE04EC0-301F-11D3-BF4B-00C04F79EFBC}") = "PINInfiniteLoop", "PINInfiniteLoop\PINInfiniteLoop.csproj", "{F7B670E4-1579-44EA-97FD-73A5CE3EA8D1}"
EndProject
Project("{FAE04EC0-301F-11D3-BF4B-00C04F79EFBC}") = "RandomNumber", "RandomNumber\RandomNumber.csproj", "{D5FD3E3E-5EA4-43E1-87B7-BD9EC5F3FF6D}"
EndProject
Project("{FAE04EC0-301F-11D3-BF4B-00C04F79EFBC}") = "GuessingGameInfinite", "GuessingGameInfinite\GuessingGameInfinite.csproj", "{3A7074CC-533E-4879-9D3C-CDAAD9FAA36F}"
EndProject
Project("{FAE04EC0-301F-11D3-BF4B-00C04F79EFBC}") = "GuessingGameThreeTries", "GuessingGameThreeTries\GuessingGameThreeTries.csproj", "{767011EA-228C-4F54-B7FF-990BFD40E287}"
EndProject
Global
	GlobalSection(SolutionConfigurationPlatforms) = preSolution
		Debug|Any CPU = Debug|Any CPU
		Release|Any CPU = Release|Any CPU
	EndGlobalSection
	GlobalSection(ProjectConfigurationPlatforms) = postSolution
		{98316EF0-E491-49FA-97F4-164C59237AF7}.Debug|Any CPU.ActiveCfg = Debug|Any CPU
		{98316EF0-E491-49FA-97F4-164C59237AF7}.Debug|Any CPU.Build.0 = Debug|Any CPU
		{98316EF0-E491-49FA-97F4-164C59237AF7}.Release|Any CPU.ActiveCfg = Release|Any CPU
		{98316EF0-E491-49FA-97F4-164C59237AF7}.Release|Any CPU.Build.0 = Release|Any CPU
		{F7B670E4-1579-44EA-97FD-73A5CE3EA8D1}.Debug|Any CPU.ActiveCfg = Debug|Any CPU
		{F7B670E4-1579-44EA-97FD-73A5CE3EA8D1}.Debug|Any CPU.Build.0 = Debug|Any CPU
		{F7B670E4-1579-44EA-97FD-73A5CE3EA8D1}.Release|Any CPU.ActiveCfg = Release|Any CPU
		{F7B670E4-1579-44EA-97FD-73A5CE3EA8D1}.Release|Any CPU.Build.0 = Release|Any CPU
		{D5FD3E3E-5EA4-43E1-87B7-BD9EC5F3FF6D}.Debug|Any CPU.ActiveCfg = Debug|Any CPU
		{D5FD3E3E-5EA4-43E1-87B7-BD9EC5F3FF6D}.Debug|Any CPU.Build.0 = Debug|Any CPU
		{D5FD3E3E-5EA4-43E1-87B7-BD9EC5F3FF6D}.Release|Any CPU.ActiveCfg = Release|Any CPU
		{D5FD3E3E-5EA4-43E1-87B7-BD9EC5F3FF6D}.Release|Any CPU.Build.0 = Release|Any CPU
		{3A7074CC-533E-4879-9D3C-CDAAD9FAA36F}.Debug|Any CPU.ActiveCfg = Debug|Any CPU
		{3A7074CC-533E-4879-9D3C-CDAAD9FAA36F}.Debug|Any CPU.Build.0 = Debug|Any CPU
		{3A7074CC-533E-4879-9D3C-CDAAD9FAA36F}.Release|Any CPU.ActiveCfg = Release|Any CPU
		{3A7074CC-533E-4879-9D3C-CDAAD9FAA36F}.Release|Any CPU.Build.0 = Release|Any CPU
		{767011EA-228C-4F54-B7FF-990BFD40E287}.Debug|Any CPU.ActiveCfg = Debug|Any CPU
		{767011EA-228C-4F54-B7FF-990BFD40E287}.Debug|Any CPU.Build.0 = Debug|Any CPU
		{767011EA-228C-4F54-B7FF-990BFD40E287}.Release|Any CPU.ActiveCfg = Release|Any CPU
		{767011EA-228C-4F54-B7FF-990BFD40E287}.Release|Any CPU.Build.0 = Release|Any CPU
	EndGlobalSection
	GlobalSection(SolutionProperties) = preSolution
		HideSolutionNode = FALSE
	EndGlobalSection
	GlobalSection(ExtensibilityGlobals) = postSolution
		SolutionGuid = {1750FD4E-D6EC-4BDA-83DC-FFD43F0D1AD8}
	EndGlobalSection
EndGlobal
